
Microsoft Visual Studio Solution File, Format Version 12.00
# Visual Studio Version 17
VisualStudioVersion = 17.13.35931.197 d17.13
MinimumVisualStudioVersion = 10.0.40219.1
Project("{FAE04EC0-301F-11D3-BF4B-00C04F79EFBC}") = "Act2", "Act2.csproj", "{8FF3F991-26F1-4D52-8728-65C3EDC0236C}"
EndProject
Global
	GlobalSection(SolutionConfigurationPlatforms) = preSolution
		Debug|Any CPU = Debug|Any CPU
		Release|Any CPU = Release|Any CPU
	EndGlobalSection
	GlobalSection(ProjectConfigurationPlatforms) = postSolution
		{8FF3F991-26F1-4D52-8728-65C3EDC0236C}.Debug|Any CPU.ActiveCfg = Debug|Any CPU
		{8FF3F991-26F1-4D52-8728-65C3EDC0236C}.Debug|Any CPU.Build.0 = Debug|Any CPU
		{8FF3F991-26F1-4D52-8728-65C3EDC0236C}.Release|Any CPU.ActiveCfg = Release|Any CPU
		{8FF3F991-26F1-4D52-8728-65C3EDC0236C}.Release|Any CPU.Build.0 = Release|Any CPU
	EndGlobalSection
	GlobalSection(SolutionProperties) = preSolution
		HideSolutionNode = FALSE
	EndGlobalSection
	GlobalSection(ExtensibilityGlobals) = postSolution
		SolutionGuid = {78C8E65C-5CFC-48DA-BF24-DF2AD568BEC3}
	EndGlobalSection
EndGlobal
